
Microsoft Visual Studio Solution File, Format Version 12.00
# Visual Studio Version 16
VisualStudioVersion = 16.0.34601.136
MinimumVisualStudioVersion = 10.0.40219.1
Project("{FAE04EC0-301F-11D3-BF4B-00C04F79EFBC}") = "GraphicsP_Ft", "GraphicsP_Ft\GraphicsP_Ft.csproj", "{86F306AF-FB83-4347-BA34-F574028BBEF3}"
EndProject
Global
	GlobalSection(SolutionConfigurationPlatforms) = preSolution
		Debug|Any CPU = Debug|Any CPU
		Release|Any CPU = Release|Any CPU
	EndGlobalSection
	GlobalSection(ProjectConfigurationPlatforms) = postSolution
		{86F306AF-FB83-4347-BA34-F574028BBEF3}.Debug|Any CPU.ActiveCfg = Debug|Any CPU
		{86F306AF-FB83-4347-BA34-F574028BBEF3}.Debug|Any CPU.Build.0 = Debug|Any CPU
		{86F306AF-FB83-4347-BA34-F574028BBEF3}.Release|Any CPU.ActiveCfg = Release|Any CPU
		{86F306AF-FB83-4347-BA34-F574028BBEF3}.Release|Any CPU.Build.0 = Release|Any CPU
	EndGlobalSection
	GlobalSection(SolutionProperties) = preSolution
		HideSolutionNode = FALSE
	EndGlobalSection
	GlobalSection(ExtensibilityGlobals) = postSolution
		SolutionGuid = {AFD40CB3-2B95-4B2B-8721-59A2A88DD7CC}
	EndGlobalSection
EndGlobal
